
Microsoft Visual Studio Solution File, Format Version 12.00
# Visual Studio Version 17
VisualStudioVersion = 17.2.32616.157
MinimumVisualStudioVersion = 10.0.40219.1
Project("{FAE04EC0-301F-11D3-BF4B-00C04F79EFBC}") = "SportsStore.Domain", "SportsStore.Domain\SportsStore.Domain.csproj", "{1C16B489-02BD-4DED-BCC6-D176FCF1499E}"
EndProject
Project("{FAE04EC0-301F-11D3-BF4B-00C04F79EFBC}") = "SportsStore.UnitTests", "SportsStore.UnitTests\SportsStore.UnitTests.csproj", "{084AC6E8-ADB0-42CA-AEC3-2362BE49ED5B}"
EndProject
Project("{FAE04EC0-301F-11D3-BF4B-00C04F79EFBC}") = "SportsStore.WebUI", "SportsStore.WebUI\SportsStore.WebUI.csproj", "{61CD0E7B-4A23-43EC-B438-06F1D85D7C79}"
EndProject
Global
	GlobalSection(SolutionConfigurationPlatforms) = preSolution
		Debug|Any CPU = Debug|Any CPU
		Release|Any CPU = Release|Any CPU
	EndGlobalSection
	GlobalSection(ProjectConfigurationPlatforms) = postSolution
		{1C16B489-02BD-4DED-BCC6-D176FCF1499E}.Debug|Any CPU.ActiveCfg = Debug|Any CPU
		{1C16B489-02BD-4DED-BCC6-D176FCF1499E}.Debug|Any CPU.Build.0 = Debug|Any CPU
		{1C16B489-02BD-4DED-BCC6-D176FCF1499E}.Release|Any CPU.ActiveCfg = Release|Any CPU
		{1C16B489-02BD-4DED-BCC6-D176FCF1499E}.Release|Any CPU.Build.0 = Release|Any CPU
		{084AC6E8-ADB0-42CA-AEC3-2362BE49ED5B}.Debug|Any CPU.ActiveCfg = Debug|Any CPU
		{084AC6E8-ADB0-42CA-AEC3-2362BE49ED5B}.Debug|Any CPU.Build.0 = Debug|Any CPU
		{084AC6E8-ADB0-42CA-AEC3-2362BE49ED5B}.Release|Any CPU.ActiveCfg = Release|Any CPU
		{084AC6E8-ADB0-42CA-AEC3-2362BE49ED5B}.Release|Any CPU.Build.0 = Release|Any CPU
		{61CD0E7B-4A23-43EC-B438-06F1D85D7C79}.Debug|Any CPU.ActiveCfg = Debug|Any CPU
		{61CD0E7B-4A23-43EC-B438-06F1D85D7C79}.Debug|Any CPU.Build.0 = Debug|Any CPU
		{61CD0E7B-4A23-43EC-B438-06F1D85D7C79}.Release|Any CPU.ActiveCfg = Release|Any CPU
		{61CD0E7B-4A23-43EC-B438-06F1D85D7C79}.Release|Any CPU.Build.0 = Release|Any CPU
	EndGlobalSection
	GlobalSection(SolutionProperties) = preSolution
		HideSolutionNode = FALSE
	EndGlobalSection
	GlobalSection(ExtensibilityGlobals) = postSolution
		SolutionGuid = {FDD2F3A1-9D07-4C45-B191-39D4F0C34A2A}
	EndGlobalSection
EndGlobal
